
Microsoft Visual Studio Solution File, Format Version 12.00
# Visual Studio Version 17
VisualStudioVersion = 17.6.33801.468
MinimumVisualStudioVersion = 10.0.40219.1
Project("{FAE04EC0-301F-11D3-BF4B-00C04F79EFBC}") = "Hish072023", "Hish072023\Hish072023.csproj", "{79269732-6070-41A8-9895-3075A3E6FFE8}"
EndProject
Global
	GlobalSection(SolutionConfigurationPlatforms) = preSolution
		Debug|Any CPU = Debug|Any CPU
		Release|Any CPU = Release|Any CPU
	EndGlobalSection
	GlobalSection(ProjectConfigurationPlatforms) = postSolution
		{79269732-6070-41A8-9895-3075A3E6FFE8}.Debug|Any CPU.ActiveCfg = Debug|Any CPU
		{79269732-6070-41A8-9895-3075A3E6FFE8}.Debug|Any CPU.Build.0 = Debug|Any CPU
		{79269732-6070-41A8-9895-3075A3E6FFE8}.Release|Any CPU.ActiveCfg = Release|Any CPU
		{79269732-6070-41A8-9895-3075A3E6FFE8}.Release|Any CPU.Build.0 = Release|Any CPU
	EndGlobalSection
	GlobalSection(SolutionProperties) = preSolution
		HideSolutionNode = FALSE
	EndGlobalSection
	GlobalSection(ExtensibilityGlobals) = postSolution
		SolutionGuid = {D27CA171-E5D5-4D69-BF80-815E9BE93441}
	EndGlobalSection
EndGlobal
